<?xml version="1.0" encoding="utf-8"?>
<Project ToolsVersion="4.0" xmlns="http://schemas.microsoft.com/developer/msbuild/2003">
  <ItemGroup>
    <Filter Include="Source Files">
      <UniqueIdentifier>{4FC737F1-C7A5-4376-A066-2A32D752A2FF}</UniqueIdentifier>
      <Extensions>cpp;c;cc;cxx;def;odl;idl;hpj;bat;asm;asmx</Extensions>
    </Filter>
    <Filter Include="Header Files">
      <UniqueIdentifier>{93995380-89BD-4b04-88EB-625FBE52EBFB}</UniqueIdentifier>
      <Extensions>h;hpp;hxx;hm;inl;inc;xsd</Extensions>
    </Filter>
    <Filter Include="Resource Files">
      <UniqueIdentifier>{67DA6AB6-F800-4c08-8B7A-83BB121AAD01}</UniqueIdentifier>
      <Extensions>rc;ico;cur;bmp;dlg;rc2;rct;bin;rgs;gif;jpg;jpeg;jpe;resx;tiff;tif;png;wav</Extensions>
    </Filter>
  </ItemGroup>
  <ItemGroup>
    <ClCompile Include="authorize.cpp">
      <Filter>Source Files</Filter>
    </ClCompile>
    <ClCompile Include="axhost.cpp">
      <Filter>Source Files</Filter>
    </ClCompile>
    <ClCompile Include="common\ControlEventSink.cpp">
      <Filter>Source Files</Filter>
    </ClCompile>
    <ClCompile Include="common\ControlSite.cpp">
      <Filter>Source Files</Filter>
    </ClCompile>
    <ClCompile Include="common\ControlSiteIPFrame.cpp">
      <Filter>Source Files</Filter>
    </ClCompile>
    <ClCompile Include="dllmain.cpp">
      <Filter>Source Files</Filter>
    </ClCompile>
    <ClCompile Include="ffactivex.cpp">
      <Filter>Source Files</Filter>
    </ClCompile>
    <ClCompile Include="GenericNPObject.cpp">
      <Filter>Source Files</Filter>
    </ClCompile>
    <ClCompile Include="common\ItemContainer.cpp">
      <Filter>Source Files</Filter>
    </ClCompile>
    <ClCompile Include="common\PropertyBag.cpp">
      <Filter>Source Files</Filter>
    </ClCompile>
    <ClCompile Include="scriptable.cpp">
      <Filter>Source Files</Filter>
    </ClCompile>
    <ClCompile Include="stdafx.cpp">
      <Filter>Source Files</Filter>
    </ClCompile>
    <ClCompile Include="variants.cpp">
      <Filter>Source Files</Filter>
    </ClCompile>
  </ItemGroup>
  <ItemGroup>
    <ClInclude Include="axhost.h">
      <Filter>Source Files</Filter>
    </ClInclude>
    <ClInclude Include="authorize.h">
      <Filter>Header Files</Filter>
    </ClInclude>
    <ClInclude Include="common\ControlEventSink.h">
      <Filter>Header Files</Filter>
    </ClInclude>
    <ClInclude Include="common\ControlSite.h">
      <Filter>Header Files</Filter>
    </ClInclude>
    <ClInclude Include="common\ControlSiteIPFrame.h">
      <Filter>Header Files</Filter>
    </ClInclude>
    <ClInclude Include="ffactivex.h">
      <Filter>Header Files</Filter>
    </ClInclude>
    <ClInclude Include="GenericNPObject.h">
      <Filter>Header Files</Filter>
    </ClInclude>
    <ClInclude Include="common\IOleCommandTargetImpl.h">
      <Filter>Header Files</Filter>
    </ClInclude>
    <ClInclude Include="common\ItemContainer.h">
      <Filter>Header Files</Filter>
    </ClInclude>
    <ClInclude Include="common\PropertyBag.h">
      <Filter>Header Files</Filter>
    </ClInclude>
    <ClInclude Include="common\PropertyList.h">
      <Filter>Header Files</Filter>
    </ClInclude>
    <ClInclude Include="resource.h">
      <Filter>Header Files</Filter>
    </ClInclude>
    <ClInclude Include="scriptable.h">
      <Filter>Header Files</Filter>
    </ClInclude>
    <ClInclude Include="stdafx.h">
      <Filter>Header Files</Filter>
    </ClInclude>
    <ClInclude Include="common\StdAfx.h">
      <Filter>Header Files</Filter>
    </ClInclude>
    <ClInclude Include="targetver.h">
      <Filter>Header Files</Filter>
    </ClInclude>
    <ClInclude Include="variants.h">
      <Filter>Header Files</Filter>
    </ClInclude>
  </ItemGroup>
  <ItemGroup>
    <None Include="ffactivex.def">
      <Filter>Source Files</Filter>
    </None>
    <None Include="install.rdf" />
  </ItemGroup>
  <ItemGroup>
    <ResourceCompile Include="ffactivex.rc">
      <Filter>Resource Files</Filter>
    </ResourceCompile>
  </ItemGroup>
</Project>